
Microsoft Visual Studio Solution File, Format Version 12.00
# Visual Studio 2012
Project("{FAE04EC0-301F-11D3-BF4B-00C04F79EFBC}") = "VDSI-CAB", "VDSI-CAB\VDSI-CAB.csproj", "{CCEE47FD-19B4-48F7-8665-A7F0EAA8BC5B}"
EndProject
Global
	GlobalSection(SolutionConfigurationPlatforms) = preSolution
		Debug|Any CPU = Debug|Any CPU
		Release|Any CPU = Release|Any CPU
	EndGlobalSection
	GlobalSection(ProjectConfigurationPlatforms) = postSolution
		{CCEE47FD-19B4-48F7-8665-A7F0EAA8BC5B}.Debug|Any CPU.ActiveCfg = Debug|Any CPU
		{CCEE47FD-19B4-48F7-8665-A7F0EAA8BC5B}.Debug|Any CPU.Build.0 = Debug|Any CPU
		{CCEE47FD-19B4-48F7-8665-A7F0EAA8BC5B}.Release|Any CPU.ActiveCfg = Release|Any CPU
		{CCEE47FD-19B4-48F7-8665-A7F0EAA8BC5B}.Release|Any CPU.Build.0 = Release|Any CPU
	EndGlobalSection
	GlobalSection(SolutionProperties) = preSolution
		HideSolutionNode = FALSE
	EndGlobalSection
EndGlobal
